
Microsoft Visual Studio Solution File, Format Version 12.00
# Visual Studio 15
VisualStudioVersion = 15.0.28010.2003
MinimumVisualStudioVersion = 10.0.40219.1
Project("{FAE04EC0-301F-11D3-BF4B-00C04F79EFBC}") = "PiyiServer.Server", "PiyiServer.Server\PiyiServer.Server.csproj", "{C518B233-0F41-4C82-85E2-338747AE7423}"
EndProject
Global
	GlobalSection(SolutionConfigurationPlatforms) = preSolution
		Debug|Any CPU = Debug|Any CPU
		Release|Any CPU = Release|Any CPU
	EndGlobalSection
	GlobalSection(ProjectConfigurationPlatforms) = postSolution
		{C518B233-0F41-4C82-85E2-338747AE7423}.Debug|Any CPU.ActiveCfg = Debug|Any CPU
		{C518B233-0F41-4C82-85E2-338747AE7423}.Debug|Any CPU.Build.0 = Debug|Any CPU
		{C518B233-0F41-4C82-85E2-338747AE7423}.Release|Any CPU.ActiveCfg = Release|Any CPU
		{C518B233-0F41-4C82-85E2-338747AE7423}.Release|Any CPU.Build.0 = Release|Any CPU
	EndGlobalSection
	GlobalSection(SolutionProperties) = preSolution
		HideSolutionNode = FALSE
	EndGlobalSection
	GlobalSection(ExtensibilityGlobals) = postSolution
		SolutionGuid = {DA9FA5DF-01F0-41FD-8120-5642B444D28A}
	EndGlobalSection
EndGlobal
